
Microsoft Visual Studio Solution File, Format Version 12.00
# Visual Studio Version 17
VisualStudioVersion = 17.4.33110.190
MinimumVisualStudioVersion = 10.0.40219.1
Project("{FAE04EC0-301F-11D3-BF4B-00C04F79EFBC}") = "ooptask", "ooptask\ooptask.csproj", "{B4834846-CCDD-4A3F-A086-A783D2135410}"
EndProject
Global
	GlobalSection(SolutionConfigurationPlatforms) = preSolution
		Debug|Any CPU = Debug|Any CPU
		Release|Any CPU = Release|Any CPU
	EndGlobalSection
	GlobalSection(ProjectConfigurationPlatforms) = postSolution
		{B4834846-CCDD-4A3F-A086-A783D2135410}.Debug|Any CPU.ActiveCfg = Debug|Any CPU
		{B4834846-CCDD-4A3F-A086-A783D2135410}.Debug|Any CPU.Build.0 = Debug|Any CPU
		{B4834846-CCDD-4A3F-A086-A783D2135410}.Release|Any CPU.ActiveCfg = Release|Any CPU
		{B4834846-CCDD-4A3F-A086-A783D2135410}.Release|Any CPU.Build.0 = Release|Any CPU
	EndGlobalSection
	GlobalSection(SolutionProperties) = preSolution
		HideSolutionNode = FALSE
	EndGlobalSection
	GlobalSection(ExtensibilityGlobals) = postSolution
		SolutionGuid = {91A4EE3E-60DF-42B6-930E-438811F37668}
	EndGlobalSection
EndGlobal
